
Microsoft Visual Studio Solution File, Format Version 12.00
# Visual Studio 15
VisualStudioVersion = 15.0.28010.2036
MinimumVisualStudioVersion = 10.0.40219.1
Project("{2150E333-8FDC-42A3-9474-1A3956D46DE8}") = "Abstractions", "Abstractions", "{49A16F56-EDC2-4980-8F9F-081833D2DA18}"
EndProject
Project("{2150E333-8FDC-42A3-9474-1A3956D46DE8}") = "Implementations", "Implementations", "{4852BBC1-F0A6-456A-9C0B-1854FBD95F41}"
EndProject
Project("{2150E333-8FDC-42A3-9474-1A3956D46DE8}") = "Extensions", "Extensions", "{C43702A5-E00A-4CFF-8D62-931A2A762FD7}"
EndProject
Project("{2150E333-8FDC-42A3-9474-1A3956D46DE8}") = "Services", "Services", "{6A60BCDE-976A-4396-80DF-F92F9918DED0}"
EndProject
Project("{2150E333-8FDC-42A3-9474-1A3956D46DE8}") = "Example", "Example", "{B0C57E4F-7A8C-4A5A-B680-63938380A853}"
EndProject
Project("{2150E333-8FDC-42A3-9474-1A3956D46DE8}") = "Tests", "Tests", "{65B7029A-534B-446A-90A8-64DC2E75D487}"
EndProject
Project("{9A19103F-16F7-4668-BE54-9A1E7A4F7556}") = "FluentDbTools.Common.Abstractions", "Abstractions\FluentDbTools.Common.Abstractions\FluentDbTools.Common.Abstractions.csproj", "{E4AB8F95-995C-4E3B-826C-626D0A0C0E32}"
EndProject
Project("{9A19103F-16F7-4668-BE54-9A1E7A4F7556}") = "FluentDbTools.Extensions.DbProvider", "Extensions\FluentDbTools.Extensions.DbProvider\FluentDbTools.Extensions.DbProvider.csproj", "{648EE33C-A2E3-4AEE-AE37-8E1A16729AB6}"
EndProject
Project("{9A19103F-16F7-4668-BE54-9A1E7A4F7556}") = "FluentDbTools.Migration", "Implementations\FluentDbTools.Migration\FluentDbTools.Migration.csproj", "{A3C4A245-A74C-4688-AD6E-8DB7E565EF7B}"
EndProject
Project("{9A19103F-16F7-4668-BE54-9A1E7A4F7556}") = "FluentDbTools.Migration.Abstractions", "Abstractions\FluentDbTools.Migration.Abstractions\FluentDbTools.Migration.Abstractions.csproj", "{B8083AF7-5C07-4FB4-B40B-2FDD53244708}"
EndProject
Project("{2150E333-8FDC-42A3-9474-1A3956D46DE8}") = "Migration", "Migration", "{F9572DDD-9BBC-46F9-AE80-13DF17777802}"
EndProject
Project("{9A19103F-16F7-4668-BE54-9A1E7A4F7556}") = "FluentDbTools.Migration.Oracle", "Implementations\FluentDbTools.Migration.Oracle\FluentDbTools.Migration.Oracle.csproj", "{FE858F8C-64F7-48B4-A452-896BA2954FC0}"
EndProject
Project("{9A19103F-16F7-4668-BE54-9A1E7A4F7556}") = "FluentDbTools.Extensions.Migration", "Extensions\FluentDbTools.Extensions.Migration\FluentDbTools.Extensions.Migration.csproj", "{D486A81E-68E4-4751-9230-D188847E5847}"
EndProject
Project("{9A19103F-16F7-4668-BE54-9A1E7A4F7556}") = "Example.FluentDbTools.Migration", "Example\Example.FluentDbTools.Migration\Example.FluentDbTools.Migration.csproj", "{A7F2BB62-54CF-4552-B481-5A2DC952276C}"
EndProject
Project("{9A19103F-16F7-4668-BE54-9A1E7A4F7556}") = "Service.FluentDbTools.Migrator", "Services\Service.FluentDbTools.Migrator\Service.FluentDbTools.Migrator.csproj", "{540440D0-0B38-4129-B57E-F12358221FE8}"
EndProject
Project("{9A19103F-16F7-4668-BE54-9A1E7A4F7556}") = "Test.FluentDbTools.Migration", "Tests\Test.FluentDbTools.Migration\Test.FluentDbTools.Migration.csproj", "{ACE26CB1-3A70-42D7-B03F-156CF3A435E9}"
EndProject
Project("{9A19103F-16F7-4668-BE54-9A1E7A4F7556}") = "TestUtilities.FluentDbTools", "Tests\TestUtilities.FluentDbTools\TestUtilities.FluentDbTools.csproj", "{2CBE6B3F-53A2-455B-9F55-7E299F725542}"
EndProject
Project("{9A19103F-16F7-4668-BE54-9A1E7A4F7556}") = "Test.FluentDbTools.DbProvider", "Tests\Test.FluentDbTools.DbProvider\Test.FluentDbTools.DbProvider.csproj", "{9FE41817-62AC-41D4-9467-D606E9AFDF8E}"
EndProject
Project("{9A19103F-16F7-4668-BE54-9A1E7A4F7556}") = "Example.FluentDbTools.Common", "Example\Example.FluentDbTools.Common\Example.FluentDbTools.Common.csproj", "{FEBD9B64-8449-4105-9AFB-C7840EA47469}"
EndProject
Project("{9A19103F-16F7-4668-BE54-9A1E7A4F7556}") = "FluentDbTools.Migration.Common", "Implementations\FluentDbTools.Migration.Common\FluentDbTools.Migration.Common.csproj", "{C5E15F5F-067E-4A6F-BAC2-41B6C7A671E6}"
EndProject
Project("{9A19103F-16F7-4668-BE54-9A1E7A4F7556}") = "FluentDbTools.Migration.Postgres", "Implementations\FluentDbTools.Migration.Postgres\FluentDbTools.Migration.Postgres.csproj", "{094FF1C7-D6EF-41E2-8BC4-F0B9C6654114}"
EndProject
Project("{9A19103F-16F7-4668-BE54-9A1E7A4F7556}") = "Example.FluentDbTools.Database", "Example\Example.FluentDbTools.Database\Example.FluentDbTools.Database.csproj", "{9A90B0AF-48C2-48B0-BD3B-D6F187E43BDC}"
EndProject
Project("{9A19103F-16F7-4668-BE54-9A1E7A4F7556}") = "Example.FluentDbTools.Config", "Example\Example.FluentDbTools.Config\Example.FluentDbTools.Config.csproj", "{2FC4D9C1-4B1C-4B92-AA9D-DA29E2855D0D}"
EndProject
Project("{2150E333-8FDC-42A3-9474-1A3956D46DE8}") = "Contracts", "Contracts", "{0672E194-A96C-4F5C-8AD6-BF36CC1EE875}"
EndProject
Project("{2150E333-8FDC-42A3-9474-1A3956D46DE8}") = "DbProviders", "DbProviders", "{98ABC5A5-833E-4973-86A7-92C9482D25BD}"
EndProject
Project("{9A19103F-16F7-4668-BE54-9A1E7A4F7556}") = "FluentDbTools.DbProvider.Oracle", "Implementations\FluentDbTools.DbProvider.Oracle\FluentDbTools.DbProvider.Oracle.csproj", "{B8DD3980-9417-462C-A1FB-8920B548B252}"
EndProject
Project("{9A19103F-16F7-4668-BE54-9A1E7A4F7556}") = "FluentDbTools.DbProvider.Postgres", "Implementations\FluentDbTools.DbProvider.Postgres\FluentDbTools.DbProvider.Postgres.csproj", "{B061BC81-C8D6-4DB4-9244-AE419A372E49}"
EndProject
Project("{9A19103F-16F7-4668-BE54-9A1E7A4F7556}") = "FluentDbTools.Migration.Contracts", "Contracts\FluentDbTools.Migration.Contracts\FluentDbTools.Migration.Contracts.csproj", "{444D93D8-8E11-4B63-80F2-4B5AA5C13ABE}"
EndProject
Project("{9A19103F-16F7-4668-BE54-9A1E7A4F7556}") = "FluentDbTools.SqlBuilder", "Implementations\FluentDbTools.SqlBuilder\FluentDbTools.SqlBuilder.csproj", "{8018E232-E007-40BE-96EB-E6F391525D16}"
EndProject
Project("{9A19103F-16F7-4668-BE54-9A1E7A4F7556}") = "FluentDbTools.SqlBuilder.Abstractions", "Abstractions\FluentDbTools.SqlBuilder.Abstractions\FluentDbTools.SqlBuilder.Abstractions.csproj", "{808DAA71-CFD4-42EA-86C5-709B9F15C54F}"
EndProject
Project("{9A19103F-16F7-4668-BE54-9A1E7A4F7556}") = "Test.FluentDbTools.SqlBuilder", "Tests\Test.FluentDbTools.SqlBuilder\Test.FluentDbTools.SqlBuilder.csproj", "{1BEEDB88-7A6B-495E-ACB4-9C03E118CD1A}"
EndProject
Project("{9A19103F-16F7-4668-BE54-9A1E7A4F7556}") = "FluentDbTools.Extensions.SqlBuilder", "Extensions\FluentDbTools.Extensions.SqlBuilder\FluentDbTools.Extensions.SqlBuilder.csproj", "{8F3570E1-477E-4CE2-A8C1-6320D2506FE5}"
EndProject
Project("{9A19103F-16F7-4668-BE54-9A1E7A4F7556}") = "FluentDbTools.Extensions.MSDependencyInjection", "Extensions\FluentDbTools.Extensions.MSDependencyInjection\FluentDbTools.Extensions.MSDependencyInjection.csproj", "{CE2743D1-AB69-4EA5-BE26-DBF5BF0025CC}"
EndProject
Global
	GlobalSection(SolutionConfigurationPlatforms) = preSolution
		Debug|Any CPU = Debug|Any CPU
		Release|Any CPU = Release|Any CPU
	EndGlobalSection
	GlobalSection(ProjectConfigurationPlatforms) = postSolution
		{E4AB8F95-995C-4E3B-826C-626D0A0C0E32}.Debug|Any CPU.ActiveCfg = Debug|Any CPU
		{E4AB8F95-995C-4E3B-826C-626D0A0C0E32}.Debug|Any CPU.Build.0 = Debug|Any CPU
		{E4AB8F95-995C-4E3B-826C-626D0A0C0E32}.Release|Any CPU.ActiveCfg = Release|Any CPU
		{E4AB8F95-995C-4E3B-826C-626D0A0C0E32}.Release|Any CPU.Build.0 = Release|Any CPU
		{648EE33C-A2E3-4AEE-AE37-8E1A16729AB6}.Debug|Any CPU.ActiveCfg = Debug|Any CPU
		{648EE33C-A2E3-4AEE-AE37-8E1A16729AB6}.Debug|Any CPU.Build.0 = Debug|Any CPU
		{648EE33C-A2E3-4AEE-AE37-8E1A16729AB6}.Release|Any CPU.ActiveCfg = Release|Any CPU
		{648EE33C-A2E3-4AEE-AE37-8E1A16729AB6}.Release|Any CPU.Build.0 = Release|Any CPU
		{A3C4A245-A74C-4688-AD6E-8DB7E565EF7B}.Debug|Any CPU.ActiveCfg = Debug|Any CPU
		{A3C4A245-A74C-4688-AD6E-8DB7E565EF7B}.Debug|Any CPU.Build.0 = Debug|Any CPU
		{A3C4A245-A74C-4688-AD6E-8DB7E565EF7B}.Release|Any CPU.ActiveCfg = Release|Any CPU
		{A3C4A245-A74C-4688-AD6E-8DB7E565EF7B}.Release|Any CPU.Build.0 = Release|Any CPU
		{B8083AF7-5C07-4FB4-B40B-2FDD53244708}.Debug|Any CPU.ActiveCfg = Debug|Any CPU
		{B8083AF7-5C07-4FB4-B40B-2FDD53244708}.Debug|Any CPU.Build.0 = Debug|Any CPU
		{B8083AF7-5C07-4FB4-B40B-2FDD53244708}.Release|Any CPU.ActiveCfg = Release|Any CPU
		{B8083AF7-5C07-4FB4-B40B-2FDD53244708}.Release|Any CPU.Build.0 = Release|Any CPU
		{FE858F8C-64F7-48B4-A452-896BA2954FC0}.Debug|Any CPU.ActiveCfg = Debug|Any CPU
		{FE858F8C-64F7-48B4-A452-896BA2954FC0}.Debug|Any CPU.Build.0 = Debug|Any CPU
		{FE858F8C-64F7-48B4-A452-896BA2954FC0}.Release|Any CPU.ActiveCfg = Release|Any CPU
		{FE858F8C-64F7-48B4-A452-896BA2954FC0}.Release|Any CPU.Build.0 = Release|Any CPU
		{D486A81E-68E4-4751-9230-D188847E5847}.Debug|Any CPU.ActiveCfg = Debug|Any CPU
		{D486A81E-68E4-4751-9230-D188847E5847}.Debug|Any CPU.Build.0 = Debug|Any CPU
		{D486A81E-68E4-4751-9230-D188847E5847}.Release|Any CPU.ActiveCfg = Release|Any CPU
		{D486A81E-68E4-4751-9230-D188847E5847}.Release|Any CPU.Build.0 = Release|Any CPU
		{A7F2BB62-54CF-4552-B481-5A2DC952276C}.Debug|Any CPU.ActiveCfg = Debug|Any CPU
		{A7F2BB62-54CF-4552-B481-5A2DC952276C}.Debug|Any CPU.Build.0 = Debug|Any CPU
		{A7F2BB62-54CF-4552-B481-5A2DC952276C}.Release|Any CPU.ActiveCfg = Release|Any CPU
		{A7F2BB62-54CF-4552-B481-5A2DC952276C}.Release|Any CPU.Build.0 = Release|Any CPU
		{540440D0-0B38-4129-B57E-F12358221FE8}.Debug|Any CPU.ActiveCfg = Debug|Any CPU
		{540440D0-0B38-4129-B57E-F12358221FE8}.Debug|Any CPU.Build.0 = Debug|Any CPU
		{540440D0-0B38-4129-B57E-F12358221FE8}.Release|Any CPU.ActiveCfg = Release|Any CPU
		{540440D0-0B38-4129-B57E-F12358221FE8}.Release|Any CPU.Build.0 = Release|Any CPU
		{ACE26CB1-3A70-42D7-B03F-156CF3A435E9}.Debug|Any CPU.ActiveCfg = Debug|Any CPU
		{ACE26CB1-3A70-42D7-B03F-156CF3A435E9}.Debug|Any CPU.Build.0 = Debug|Any CPU
		{ACE26CB1-3A70-42D7-B03F-156CF3A435E9}.Release|Any CPU.ActiveCfg = Release|Any CPU
		{ACE26CB1-3A70-42D7-B03F-156CF3A435E9}.Release|Any CPU.Build.0 = Release|Any CPU
		{2CBE6B3F-53A2-455B-9F55-7E299F725542}.Debug|Any CPU.ActiveCfg = Debug|Any CPU
		{2CBE6B3F-53A2-455B-9F55-7E299F725542}.Debug|Any CPU.Build.0 = Debug|Any CPU
		{2CBE6B3F-53A2-455B-9F55-7E299F725542}.Release|Any CPU.ActiveCfg = Release|Any CPU
		{2CBE6B3F-53A2-455B-9F55-7E299F725542}.Release|Any CPU.Build.0 = Release|Any CPU
		{9FE41817-62AC-41D4-9467-D606E9AFDF8E}.Debug|Any CPU.ActiveCfg = Debug|Any CPU
		{9FE41817-62AC-41D4-9467-D606E9AFDF8E}.Debug|Any CPU.Build.0 = Debug|Any CPU
		{9FE41817-62AC-41D4-9467-D606E9AFDF8E}.Release|Any CPU.ActiveCfg = Release|Any CPU
		{9FE41817-62AC-41D4-9467-D606E9AFDF8E}.Release|Any CPU.Build.0 = Release|Any CPU
		{FEBD9B64-8449-4105-9AFB-C7840EA47469}.Debug|Any CPU.ActiveCfg = Debug|Any CPU
		{FEBD9B64-8449-4105-9AFB-C7840EA47469}.Debug|Any CPU.Build.0 = Debug|Any CPU
		{FEBD9B64-8449-4105-9AFB-C7840EA47469}.Release|Any CPU.ActiveCfg = Release|Any CPU
		{FEBD9B64-8449-4105-9AFB-C7840EA47469}.Release|Any CPU.Build.0 = Release|Any CPU
		{C5E15F5F-067E-4A6F-BAC2-41B6C7A671E6}.Debug|Any CPU.ActiveCfg = Debug|Any CPU
		{C5E15F5F-067E-4A6F-BAC2-41B6C7A671E6}.Debug|Any CPU.Build.0 = Debug|Any CPU
		{C5E15F5F-067E-4A6F-BAC2-41B6C7A671E6}.Release|Any CPU.ActiveCfg = Release|Any CPU
		{C5E15F5F-067E-4A6F-BAC2-41B6C7A671E6}.Release|Any CPU.Build.0 = Release|Any CPU
		{094FF1C7-D6EF-41E2-8BC4-F0B9C6654114}.Debug|Any CPU.ActiveCfg = Debug|Any CPU
		{094FF1C7-D6EF-41E2-8BC4-F0B9C6654114}.Debug|Any CPU.Build.0 = Debug|Any CPU
		{094FF1C7-D6EF-41E2-8BC4-F0B9C6654114}.Release|Any CPU.ActiveCfg = Release|Any CPU
		{094FF1C7-D6EF-41E2-8BC4-F0B9C6654114}.Release|Any CPU.Build.0 = Release|Any CPU
		{9A90B0AF-48C2-48B0-BD3B-D6F187E43BDC}.Debug|Any CPU.ActiveCfg = Debug|Any CPU
		{9A90B0AF-48C2-48B0-BD3B-D6F187E43BDC}.Debug|Any CPU.Build.0 = Debug|Any CPU
		{9A90B0AF-48C2-48B0-BD3B-D6F187E43BDC}.Release|Any CPU.ActiveCfg = Release|Any CPU
		{9A90B0AF-48C2-48B0-BD3B-D6F187E43BDC}.Release|Any CPU.Build.0 = Release|Any CPU
		{2FC4D9C1-4B1C-4B92-AA9D-DA29E2855D0D}.Debug|Any CPU.ActiveCfg = Debug|Any CPU
		{2FC4D9C1-4B1C-4B92-AA9D-DA29E2855D0D}.Debug|Any CPU.Build.0 = Debug|Any CPU
		{2FC4D9C1-4B1C-4B92-AA9D-DA29E2855D0D}.Release|Any CPU.ActiveCfg = Release|Any CPU
		{2FC4D9C1-4B1C-4B92-AA9D-DA29E2855D0D}.Release|Any CPU.Build.0 = Release|Any CPU
		{B8DD3980-9417-462C-A1FB-8920B548B252}.Debug|Any CPU.ActiveCfg = Debug|Any CPU
		{B8DD3980-9417-462C-A1FB-8920B548B252}.Debug|Any CPU.Build.0 = Debug|Any CPU
		{B8DD3980-9417-462C-A1FB-8920B548B252}.Release|Any CPU.ActiveCfg = Release|Any CPU
		{B8DD3980-9417-462C-A1FB-8920B548B252}.Release|Any CPU.Build.0 = Release|Any CPU
		{B061BC81-C8D6-4DB4-9244-AE419A372E49}.Debug|Any CPU.ActiveCfg = Debug|Any CPU
		{B061BC81-C8D6-4DB4-9244-AE419A372E49}.Debug|Any CPU.Build.0 = Debug|Any CPU
		{B061BC81-C8D6-4DB4-9244-AE419A372E49}.Release|Any CPU.ActiveCfg = Release|Any CPU
		{B061BC81-C8D6-4DB4-9244-AE419A372E49}.Release|Any CPU.Build.0 = Release|Any CPU
		{444D93D8-8E11-4B63-80F2-4B5AA5C13ABE}.Debug|Any CPU.ActiveCfg = Debug|Any CPU
		{444D93D8-8E11-4B63-80F2-4B5AA5C13ABE}.Debug|Any CPU.Build.0 = Debug|Any CPU
		{444D93D8-8E11-4B63-80F2-4B5AA5C13ABE}.Release|Any CPU.ActiveCfg = Release|Any CPU
		{444D93D8-8E11-4B63-80F2-4B5AA5C13ABE}.Release|Any CPU.Build.0 = Release|Any CPU
		{8018E232-E007-40BE-96EB-E6F391525D16}.Debug|Any CPU.ActiveCfg = Debug|Any CPU
		{8018E232-E007-40BE-96EB-E6F391525D16}.Debug|Any CPU.Build.0 = Debug|Any CPU
		{8018E232-E007-40BE-96EB-E6F391525D16}.Release|Any CPU.ActiveCfg = Release|Any CPU
		{8018E232-E007-40BE-96EB-E6F391525D16}.Release|Any CPU.Build.0 = Release|Any CPU
		{808DAA71-CFD4-42EA-86C5-709B9F15C54F}.Debug|Any CPU.ActiveCfg = Debug|Any CPU
		{808DAA71-CFD4-42EA-86C5-709B9F15C54F}.Debug|Any CPU.Build.0 = Debug|Any CPU
		{808DAA71-CFD4-42EA-86C5-709B9F15C54F}.Release|Any CPU.ActiveCfg = Release|Any CPU
		{808DAA71-CFD4-42EA-86C5-709B9F15C54F}.Release|Any CPU.Build.0 = Release|Any CPU
		{1BEEDB88-7A6B-495E-ACB4-9C03E118CD1A}.Debug|Any CPU.ActiveCfg = Debug|Any CPU
		{1BEEDB88-7A6B-495E-ACB4-9C03E118CD1A}.Debug|Any CPU.Build.0 = Debug|Any CPU
		{1BEEDB88-7A6B-495E-ACB4-9C03E118CD1A}.Release|Any CPU.ActiveCfg = Release|Any CPU
		{1BEEDB88-7A6B-495E-ACB4-9C03E118CD1A}.Release|Any CPU.Build.0 = Release|Any CPU
		{8F3570E1-477E-4CE2-A8C1-6320D2506FE5}.Debug|Any CPU.ActiveCfg = Debug|Any CPU
		{8F3570E1-477E-4CE2-A8C1-6320D2506FE5}.Debug|Any CPU.Build.0 = Debug|Any CPU
		{8F3570E1-477E-4CE2-A8C1-6320D2506FE5}.Release|Any CPU.ActiveCfg = Release|Any CPU
		{8F3570E1-477E-4CE2-A8C1-6320D2506FE5}.Release|Any CPU.Build.0 = Release|Any CPU
		{CE2743D1-AB69-4EA5-BE26-DBF5BF0025CC}.Debug|Any CPU.ActiveCfg = Debug|Any CPU
		{CE2743D1-AB69-4EA5-BE26-DBF5BF0025CC}.Debug|Any CPU.Build.0 = Debug|Any CPU
		{CE2743D1-AB69-4EA5-BE26-DBF5BF0025CC}.Release|Any CPU.ActiveCfg = Release|Any CPU
		{CE2743D1-AB69-4EA5-BE26-DBF5BF0025CC}.Release|Any CPU.Build.0 = Release|Any CPU
	EndGlobalSection
	GlobalSection(SolutionProperties) = preSolution
		HideSolutionNode = FALSE
	EndGlobalSection
	GlobalSection(NestedProjects) = preSolution
		{E4AB8F95-995C-4E3B-826C-626D0A0C0E32} = {49A16F56-EDC2-4980-8F9F-081833D2DA18}
		{648EE33C-A2E3-4AEE-AE37-8E1A16729AB6} = {C43702A5-E00A-4CFF-8D62-931A2A762FD7}
		{A3C4A245-A74C-4688-AD6E-8DB7E565EF7B} = {4852BBC1-F0A6-456A-9C0B-1854FBD95F41}
		{B8083AF7-5C07-4FB4-B40B-2FDD53244708} = {49A16F56-EDC2-4980-8F9F-081833D2DA18}
		{F9572DDD-9BBC-46F9-AE80-13DF17777802} = {4852BBC1-F0A6-456A-9C0B-1854FBD95F41}
		{FE858F8C-64F7-48B4-A452-896BA2954FC0} = {F9572DDD-9BBC-46F9-AE80-13DF17777802}
		{D486A81E-68E4-4751-9230-D188847E5847} = {C43702A5-E00A-4CFF-8D62-931A2A762FD7}
		{A7F2BB62-54CF-4552-B481-5A2DC952276C} = {B0C57E4F-7A8C-4A5A-B680-63938380A853}
		{540440D0-0B38-4129-B57E-F12358221FE8} = {6A60BCDE-976A-4396-80DF-F92F9918DED0}
		{ACE26CB1-3A70-42D7-B03F-156CF3A435E9} = {65B7029A-534B-446A-90A8-64DC2E75D487}
		{2CBE6B3F-53A2-455B-9F55-7E299F725542} = {65B7029A-534B-446A-90A8-64DC2E75D487}
		{9FE41817-62AC-41D4-9467-D606E9AFDF8E} = {65B7029A-534B-446A-90A8-64DC2E75D487}
		{FEBD9B64-8449-4105-9AFB-C7840EA47469} = {B0C57E4F-7A8C-4A5A-B680-63938380A853}
		{C5E15F5F-067E-4A6F-BAC2-41B6C7A671E6} = {F9572DDD-9BBC-46F9-AE80-13DF17777802}
		{094FF1C7-D6EF-41E2-8BC4-F0B9C6654114} = {F9572DDD-9BBC-46F9-AE80-13DF17777802}
		{9A90B0AF-48C2-48B0-BD3B-D6F187E43BDC} = {B0C57E4F-7A8C-4A5A-B680-63938380A853}
		{2FC4D9C1-4B1C-4B92-AA9D-DA29E2855D0D} = {B0C57E4F-7A8C-4A5A-B680-63938380A853}
		{98ABC5A5-833E-4973-86A7-92C9482D25BD} = {4852BBC1-F0A6-456A-9C0B-1854FBD95F41}
		{B8DD3980-9417-462C-A1FB-8920B548B252} = {98ABC5A5-833E-4973-86A7-92C9482D25BD}
		{B061BC81-C8D6-4DB4-9244-AE419A372E49} = {98ABC5A5-833E-4973-86A7-92C9482D25BD}
		{444D93D8-8E11-4B63-80F2-4B5AA5C13ABE} = {0672E194-A96C-4F5C-8AD6-BF36CC1EE875}
		{8018E232-E007-40BE-96EB-E6F391525D16} = {4852BBC1-F0A6-456A-9C0B-1854FBD95F41}
		{808DAA71-CFD4-42EA-86C5-709B9F15C54F} = {49A16F56-EDC2-4980-8F9F-081833D2DA18}
		{1BEEDB88-7A6B-495E-ACB4-9C03E118CD1A} = {65B7029A-534B-446A-90A8-64DC2E75D487}
		{8F3570E1-477E-4CE2-A8C1-6320D2506FE5} = {C43702A5-E00A-4CFF-8D62-931A2A762FD7}
		{CE2743D1-AB69-4EA5-BE26-DBF5BF0025CC} = {C43702A5-E00A-4CFF-8D62-931A2A762FD7}
	EndGlobalSection
	GlobalSection(ExtensibilityGlobals) = postSolution
		SolutionGuid = {456583DA-E724-4868-A195-2FE2F14160A6}
	EndGlobalSection
EndGlobal
